
Microsoft Visual Studio Solution File, Format Version 12.00
# Visual Studio 15
VisualStudioVersion = 15.0.27705.2000
MinimumVisualStudioVersion = 10.0.40219.1
Project("{FAE04EC0-301F-11D3-BF4B-00C04F79EFBC}") = "Alternating Line Color Visual Studio 2017", "Alternating Line Color Visual Studio 2017\Alternating Line Color Visual Studio 2017.csproj", "{643E3D67-3C1E-47ED-AA7D-38B2D741AB7A}"
EndProject
Global
	GlobalSection(SolutionConfigurationPlatforms) = preSolution
		Debug|Any CPU = Debug|Any CPU
		Release|Any CPU = Release|Any CPU
	EndGlobalSection
	GlobalSection(ProjectConfigurationPlatforms) = postSolution
		{643E3D67-3C1E-47ED-AA7D-38B2D741AB7A}.Debug|Any CPU.ActiveCfg = Debug|Any CPU
		{643E3D67-3C1E-47ED-AA7D-38B2D741AB7A}.Debug|Any CPU.Build.0 = Debug|Any CPU
		{643E3D67-3C1E-47ED-AA7D-38B2D741AB7A}.Release|Any CPU.ActiveCfg = Release|Any CPU
		{643E3D67-3C1E-47ED-AA7D-38B2D741AB7A}.Release|Any CPU.Build.0 = Release|Any CPU
	EndGlobalSection
	GlobalSection(SolutionProperties) = preSolution
		HideSolutionNode = FALSE
	EndGlobalSection
	GlobalSection(ExtensibilityGlobals) = postSolution
		SolutionGuid = {B1BC5FB0-57BE-496C-B6C6-30819EB76C7B}
	EndGlobalSection
EndGlobal
